// !$*UTF8*$!
{
	archiveVersion = 1;
	classes = {
	};
	objectVersion = 56;
	objects = {

/* Begin PBXBuildFile section */
		620A1D9B2C7F30A70056CCE2 /* AnimationBasic.swift in Sources */ = {isa = PBXBuildFile; fileRef = 620A1D9A2C7F30A70056CCE2 /* AnimationBasic.swift */; };
		6212D71C2C7DE42500B5FF34 /* ConditionalBasic.swift in Sources */ = {isa = PBXBuildFile; fileRef = 6212D71B2C7DE42500B5FF34 /* ConditionalBasic.swift */; };
		6212D71E2C7DE68F00B5FF34 /* TernaryBasic.swift in Sources */ = {isa = PBXBuildFile; fileRef = 6212D71D2C7DE68F00B5FF34 /* TernaryBasic.swift */; };
		6262B4332C5E0A1100D4FDED /* BasicApp.swift in Sources */ = {isa = PBXBuildFile; fileRef = 6262B4322C5E0A1100D4FDED /* BasicApp.swift */; };
		6262B4352C5E0A1100D4FDED /* ContentView.swift in Sources */ = {isa = PBXBuildFile; fileRef = 6262B4342C5E0A1100D4FDED /* ContentView.swift */; };
		6262B4372C5E0A1200D4FDED /* Assets.xcassets in Resources */ = {isa = PBXBuildFile; fileRef = 6262B4362C5E0A1200D4FDED /* Assets.xcassets */; };
		6262B43A2C5E0A1200D4FDED /* Preview Assets.xcassets in Resources */ = {isa = PBXBuildFile; fileRef = 6262B4392C5E0A1200D4FDED /* Preview Assets.xcassets */; };
		6262B4422C5E0A4E00D4FDED /* TextBasic.swift in Sources */ = {isa = PBXBuildFile; fileRef = 6262B4412C5E0A4E00D4FDED /* TextBasic.swift */; };
		6262E3862C5F3A9700855C54 /* ShapeBasic.swift in Sources */ = {isa = PBXBuildFile; fileRef = 6262E3852C5F3A9700855C54 /* ShapeBasic.swift */; };
		6262E3882C5F3EF800855C54 /* ColorBasic.swift in Sources */ = {isa = PBXBuildFile; fileRef = 6262E3872C5F3EF800855C54 /* ColorBasic.swift */; };
		6262E38A2C5F555A00855C54 /* GradientBasic.swift in Sources */ = {isa = PBXBuildFile; fileRef = 6262E3892C5F555A00855C54 /* GradientBasic.swift */; };
		6262E38C2C5F57C700855C54 /* IconBasic.swift in Sources */ = {isa = PBXBuildFile; fileRef = 6262E38B2C5F57C700855C54 /* IconBasic.swift */; };
		6262E38E2C5F693400855C54 /* ImageBasic.swift in Sources */ = {isa = PBXBuildFile; fileRef = 6262E38D2C5F693400855C54 /* ImageBasic.swift */; };
		6262E3902C5F6ACF00855C54 /* FrameBasic.swift in Sources */ = {isa = PBXBuildFile; fileRef = 6262E38F2C5F6ACF00855C54 /* FrameBasic.swift */; };
		6262E3922C5F906D00855C54 /* BackgroundBasic.swift in Sources */ = {isa = PBXBuildFile; fileRef = 6262E3912C5F906D00855C54 /* BackgroundBasic.swift */; };
		627838782C6DB29000D09F01 /* StackBasic.swift in Sources */ = {isa = PBXBuildFile; fileRef = 627838772C6DB29000D09F01 /* StackBasic.swift */; };
		6278387A2C6DB6F700D09F01 /* PaddingBasic.swift in Sources */ = {isa = PBXBuildFile; fileRef = 627838792C6DB6F700D09F01 /* PaddingBasic.swift */; };
		6278387C2C6DCB9C00D09F01 /* SpacerBasic.swift in Sources */ = {isa = PBXBuildFile; fileRef = 6278387B2C6DCB9C00D09F01 /* SpacerBasic.swift */; };
		6278387E2C6DCE1C00D09F01 /* ScrollViewBasic.swift in Sources */ = {isa = PBXBuildFile; fileRef = 6278387D2C6DCE1C00D09F01 /* ScrollViewBasic.swift */; };
		627838802C6DFFCB00D09F01 /* InitEnumBasic.swift in Sources */ = {isa = PBXBuildFile; fileRef = 6278387F2C6DFFCB00D09F01 /* InitEnumBasic.swift */; };
		627B7E5D2C844F460050C9A5 /* TransitionBasic.swift in Sources */ = {isa = PBXBuildFile; fileRef = 627B7E5C2C844F460050C9A5 /* TransitionBasic.swift */; };
		627B7E5F2C8451FF0050C9A5 /* SheetBasic.swift in Sources */ = {isa = PBXBuildFile; fileRef = 627B7E5E2C8451FF0050C9A5 /* SheetBasic.swift */; };
		627B7E612C84523B0050C9A5 /* SheetBasic2.swift in Sources */ = {isa = PBXBuildFile; fileRef = 627B7E602C84523B0050C9A5 /* SheetBasic2.swift */; };
		6282665E2C9EBDEE0004A051 /* ActionSheetBasic.swift in Sources */ = {isa = PBXBuildFile; fileRef = 6282665D2C9EBDEE0004A051 /* ActionSheetBasic.swift */; };
		6294B9352C8D7CD200E6CE50 /* NavigationBasic.swift in Sources */ = {isa = PBXBuildFile; fileRef = 6294B9342C8D7CD200E6CE50 /* NavigationBasic.swift */; };
		6294B9392C8D7D3600E6CE50 /* NavigationViewBasic.swift in Sources */ = {isa = PBXBuildFile; fileRef = 6294B9382C8D7D3600E6CE50 /* NavigationViewBasic.swift */; };
		6294B93B2C8D7FFA00E6CE50 /* ListBasic.swift in Sources */ = {isa = PBXBuildFile; fileRef = 6294B93A2C8D7FFA00E6CE50 /* ListBasic.swift */; };
		6294B93D2C8D851600E6CE50 /* AlertBasic.swift in Sources */ = {isa = PBXBuildFile; fileRef = 6294B93C2C8D851600E6CE50 /* AlertBasic.swift */; };
		6294B93F2C8D933700E6CE50 /* ContextMenuBasic.swift in Sources */ = {isa = PBXBuildFile; fileRef = 6294B93E2C8D933700E6CE50 /* ContextMenuBasic.swift */; };
		629768142C79CD8F0043824B /* ForEachLoopBasic.swift in Sources */ = {isa = PBXBuildFile; fileRef = 629768132C79CD8F0043824B /* ForEachLoopBasic.swift */; };
		629768162C79CEE00043824B /* LazyGridBasic.swift in Sources */ = {isa = PBXBuildFile; fileRef = 629768152C79CEE00043824B /* LazyGridBasic.swift */; };
		629768182C79F21A0043824B /* IgnoreSafeAreaBasic.swift in Sources */ = {isa = PBXBuildFile; fileRef = 629768172C79F21A0043824B /* IgnoreSafeAreaBasic.swift */; };
		6297681A2C79F35A0043824B /* ButtonBasic.swift in Sources */ = {isa = PBXBuildFile; fileRef = 629768192C79F35A0043824B /* ButtonBasic.swift */; };
		6297681C2C7ACE620043824B /* StateBasic.swift in Sources */ = {isa = PBXBuildFile; fileRef = 6297681B2C7ACE620043824B /* StateBasic.swift */; };
		6297681E2C7AD0290043824B /* ExtractViewBasic.swift in Sources */ = {isa = PBXBuildFile; fileRef = 6297681D2C7AD0290043824B /* ExtractViewBasic.swift */; };
		629768202C7AD1570043824B /* ExtractSubViewBasic.swift in Sources */ = {isa = PBXBuildFile; fileRef = 6297681F2C7AD1570043824B /* ExtractSubViewBasic.swift */; };
		629768232C7AD1810043824B /* ItemBasic.swift in Sources */ = {isa = PBXBuildFile; fileRef = 629768222C7AD1810043824B /* ItemBasic.swift */; };
		629768252C7B18600043824B /* BindingBasic.swift in Sources */ = {isa = PBXBuildFile; fileRef = 629768242C7B18600043824B /* BindingBasic.swift */; };
		629768272C7B18740043824B /* BindingChild.swift in Sources */ = {isa = PBXBuildFile; fileRef = 629768262C7B18740043824B /* BindingChild.swift */; };
		62E72F792CAE603F0010C4EA /* TextFieldBasic.swift in Sources */ = {isa = PBXBuildFile; fileRef = 62E72F782CAE603F0010C4EA /* TextFieldBasic.swift */; };
		62E72F7B2CAE63A20010C4EA /* ToggleBasic.swift in Sources */ = {isa = PBXBuildFile; fileRef = 62E72F7A2CAE63A20010C4EA /* ToggleBasic.swift */; };
		62E72F7D2CAE64710010C4EA /* PickerBasic.swift in Sources */ = {isa = PBXBuildFile; fileRef = 62E72F7C2CAE64710010C4EA /* PickerBasic.swift */; };
		62E72F7F2CAE87D10010C4EA /* ColorPickerBasic.swift in Sources */ = {isa = PBXBuildFile; fileRef = 62E72F7E2CAE87D10010C4EA /* ColorPickerBasic.swift */; };
		62E72F812CAE88F00010C4EA /* DatePickerBasic.swift in Sources */ = {isa = PBXBuildFile; fileRef = 62E72F802CAE88F00010C4EA /* DatePickerBasic.swift */; };
		62E72F832CAEC2A70010C4EA /* StepperBasic.swift in Sources */ = {isa = PBXBuildFile; fileRef = 62E72F822CAEC2A70010C4EA /* StepperBasic.swift */; };
		62E72F852CAED3480010C4EA /* SliderBasic.swift in Sources */ = {isa = PBXBuildFile; fileRef = 62E72F842CAED3480010C4EA /* SliderBasic.swift */; };
		62E72F872CAED5520010C4EA /* TabViewBasic.swift in Sources */ = {isa = PBXBuildFile; fileRef = 62E72F862CAED5520010C4EA /* TabViewBasic.swift */; };
		62F5464A2CB0CAE8000DA7DE /* DarkModeBasic.swift in Sources */ = {isa = PBXBuildFile; fileRef = 62F546492CB0CAE8000DA7DE /* DarkModeBasic.swift */; };
		62F5464C2CB0CCE2000DA7DE /* OnAppearBasic.swift in Sources */ = {isa = PBXBuildFile; fileRef = 62F5464B2CB0CCE2000DA7DE /* OnAppearBasic.swift */; };
		62F5464E2CB0CEC0000DA7DE /* OnTabGestureBasic.swift in Sources */ = {isa = PBXBuildFile; fileRef = 62F5464D2CB0CEC0000DA7DE /* OnTabGestureBasic.swift */; };
		62F546502CB0D0CA000DA7DE /* README.md in Resources */ = {isa = PBXBuildFile; fileRef = 62F5464F2CB0D0CA000DA7DE /* README.md */; };
/* End PBXBuildFile section */

/* Begin PBXFileReference section */
		620A1D9A2C7F30A70056CCE2 /* AnimationBasic.swift */ = {isa = PBXFileReference; lastKnownFileType = sourcecode.swift; name = AnimationBasic.swift; path = basic/AnimationBasic.swift; sourceTree = SOURCE_ROOT; };
		6212D71B2C7DE42500B5FF34 /* ConditionalBasic.swift */ = {isa = PBXFileReference; lastKnownFileType = sourcecode.swift; name = ConditionalBasic.swift; path = basic/ConditionalBasic.swift; sourceTree = SOURCE_ROOT; };
		6212D71D2C7DE68F00B5FF34 /* TernaryBasic.swift */ = {isa = PBXFileReference; lastKnownFileType = sourcecode.swift; name = TernaryBasic.swift; path = basic/TernaryBasic.swift; sourceTree = SOURCE_ROOT; };
		6262B42F2C5E0A1100D4FDED /* Basic.app */ = {isa = PBXFileReference; explicitFileType = wrapper.application; includeInIndex = 0; path = Basic.app; sourceTree = BUILT_PRODUCTS_DIR; };
		6262B4322C5E0A1100D4FDED /* BasicApp.swift */ = {isa = PBXFileReference; lastKnownFileType = sourcecode.swift; path = BasicApp.swift; sourceTree = "<group>"; };
		6262B4342C5E0A1100D4FDED /* ContentView.swift */ = {isa = PBXFileReference; lastKnownFileType = sourcecode.swift; path = ContentView.swift; sourceTree = "<group>"; };
		6262B4362C5E0A1200D4FDED /* Assets.xcassets */ = {isa = PBXFileReference; lastKnownFileType = folder.assetcatalog; path = Assets.xcassets; sourceTree = "<group>"; };
		6262B4392C5E0A1200D4FDED /* Preview Assets.xcassets */ = {isa = PBXFileReference; lastKnownFileType = folder.assetcatalog; path = "Preview Assets.xcassets"; sourceTree = "<group>"; };
		6262B43B2C5E0A1200D4FDED /* Basic.entitlements */ = {isa = PBXFileReference; lastKnownFileType = text.plist.entitlements; path = Basic.entitlements; sourceTree = "<group>"; };
		6262B4412C5E0A4E00D4FDED /* TextBasic.swift */ = {isa = PBXFileReference; lastKnownFileType = sourcecode.swift; path = TextBasic.swift; sourceTree = "<group>"; };
		6262E3852C5F3A9700855C54 /* ShapeBasic.swift */ = {isa = PBXFileReference; lastKnownFileType = sourcecode.swift; name = ShapeBasic.swift; path = basic/ShapeBasic.swift; sourceTree = SOURCE_ROOT; };
		6262E3872C5F3EF800855C54 /* ColorBasic.swift */ = {isa = PBXFileReference; lastKnownFileType = sourcecode.swift; name = ColorBasic.swift; path = basic/ColorBasic.swift; sourceTree = SOURCE_ROOT; };
		6262E3892C5F555A00855C54 /* GradientBasic.swift */ = {isa = PBXFileReference; lastKnownFileType = sourcecode.swift; name = GradientBasic.swift; path = basic/GradientBasic.swift; sourceTree = SOURCE_ROOT; };
		6262E38B2C5F57C700855C54 /* IconBasic.swift */ = {isa = PBXFileReference; lastKnownFileType = sourcecode.swift; name = IconBasic.swift; path = basic/IconBasic.swift; sourceTree = SOURCE_ROOT; };
		6262E38D2C5F693400855C54 /* ImageBasic.swift */ = {isa = PBXFileReference; lastKnownFileType = sourcecode.swift; name = ImageBasic.swift; path = basic/ImageBasic.swift; sourceTree = SOURCE_ROOT; };
		6262E38F2C5F6ACF00855C54 /* FrameBasic.swift */ = {isa = PBXFileReference; lastKnownFileType = sourcecode.swift; name = FrameBasic.swift; path = basic/FrameBasic.swift; sourceTree = SOURCE_ROOT; };
		6262E3912C5F906D00855C54 /* BackgroundBasic.swift */ = {isa = PBXFileReference; lastKnownFileType = sourcecode.swift; name = BackgroundBasic.swift; path = basic/BackgroundBasic.swift; sourceTree = SOURCE_ROOT; };
		627838772C6DB29000D09F01 /* StackBasic.swift */ = {isa = PBXFileReference; lastKnownFileType = sourcecode.swift; name = StackBasic.swift; path = basic/StackBasic.swift; sourceTree = SOURCE_ROOT; };
		627838792C6DB6F700D09F01 /* PaddingBasic.swift */ = {isa = PBXFileReference; lastKnownFileType = sourcecode.swift; name = PaddingBasic.swift; path = basic/PaddingBasic.swift; sourceTree = SOURCE_ROOT; };
		6278387B2C6DCB9C00D09F01 /* SpacerBasic.swift */ = {isa = PBXFileReference; lastKnownFileType = sourcecode.swift; name = SpacerBasic.swift; path = basic/SpacerBasic.swift; sourceTree = SOURCE_ROOT; };
		6278387D2C6DCE1C00D09F01 /* ScrollViewBasic.swift */ = {isa = PBXFileReference; lastKnownFileType = sourcecode.swift; name = ScrollViewBasic.swift; path = basic/ScrollViewBasic.swift; sourceTree = SOURCE_ROOT; };
		6278387F2C6DFFCB00D09F01 /* InitEnumBasic.swift */ = {isa = PBXFileReference; lastKnownFileType = sourcecode.swift; name = InitEnumBasic.swift; path = basic/InitEnumBasic.swift; sourceTree = SOURCE_ROOT; };
		627B7E5C2C844F460050C9A5 /* TransitionBasic.swift */ = {isa = PBXFileReference; lastKnownFileType = sourcecode.swift; name = TransitionBasic.swift; path = basic/TransitionBasic.swift; sourceTree = SOURCE_ROOT; };
		627B7E5E2C8451FF0050C9A5 /* SheetBasic.swift */ = {isa = PBXFileReference; lastKnownFileType = sourcecode.swift; name = SheetBasic.swift; path = basic/SheetBasic.swift; sourceTree = SOURCE_ROOT; };
		627B7E602C84523B0050C9A5 /* SheetBasic2.swift */ = {isa = PBXFileReference; lastKnownFileType = sourcecode.swift; name = SheetBasic2.swift; path = basic/SheetBasic2.swift; sourceTree = SOURCE_ROOT; };
		6282665D2C9EBDEE0004A051 /* ActionSheetBasic.swift */ = {isa = PBXFileReference; lastKnownFileType = sourcecode.swift; name = ActionSheetBasic.swift; path = basic/ActionSheetBasic.swift; sourceTree = SOURCE_ROOT; };
		6294B9342C8D7CD200E6CE50 /* NavigationBasic.swift */ = {isa = PBXFileReference; lastKnownFileType = sourcecode.swift; name = NavigationBasic.swift; path = basic/NavigationBasic.swift; sourceTree = SOURCE_ROOT; };
		6294B9382C8D7D3600E6CE50 /* NavigationViewBasic.swift */ = {isa = PBXFileReference; lastKnownFileType = sourcecode.swift; name = NavigationViewBasic.swift; path = basic/NavigationViewBasic.swift; sourceTree = SOURCE_ROOT; };
		6294B93A2C8D7FFA00E6CE50 /* ListBasic.swift */ = {isa = PBXFileReference; lastKnownFileType = sourcecode.swift; name = ListBasic.swift; path = basic/ListBasic.swift; sourceTree = SOURCE_ROOT; };
		6294B93C2C8D851600E6CE50 /* AlertBasic.swift */ = {isa = PBXFileReference; lastKnownFileType = sourcecode.swift; name = AlertBasic.swift; path = basic/AlertBasic.swift; sourceTree = SOURCE_ROOT; };
		6294B93E2C8D933700E6CE50 /* ContextMenuBasic.swift */ = {isa = PBXFileReference; lastKnownFileType = sourcecode.swift; name = ContextMenuBasic.swift; path = basic/ContextMenuBasic.swift; sourceTree = SOURCE_ROOT; };
		629768132C79CD8F0043824B /* ForEachLoopBasic.swift */ = {isa = PBXFileReference; lastKnownFileType = sourcecode.swift; name = ForEachLoopBasic.swift; path = basic/ForEachLoopBasic.swift; sourceTree = SOURCE_ROOT; };
		629768152C79CEE00043824B /* LazyGridBasic.swift */ = {isa = PBXFileReference; lastKnownFileType = sourcecode.swift; name = LazyGridBasic.swift; path = basic/LazyGridBasic.swift; sourceTree = SOURCE_ROOT; };
		629768172C79F21A0043824B /* IgnoreSafeAreaBasic.swift */ = {isa = PBXFileReference; lastKnownFileType = sourcecode.swift; name = IgnoreSafeAreaBasic.swift; path = basic/IgnoreSafeAreaBasic.swift; sourceTree = SOURCE_ROOT; };
		629768192C79F35A0043824B /* ButtonBasic.swift */ = {isa = PBXFileReference; lastKnownFileType = sourcecode.swift; name = ButtonBasic.swift; path = basic/ButtonBasic.swift; sourceTree = SOURCE_ROOT; };
		6297681B2C7ACE620043824B /* StateBasic.swift */ = {isa = PBXFileReference; lastKnownFileType = sourcecode.swift; name = StateBasic.swift; path = basic/StateBasic.swift; sourceTree = SOURCE_ROOT; };
		6297681D2C7AD0290043824B /* ExtractViewBasic.swift */ = {isa = PBXFileReference; lastKnownFileType = sourcecode.swift; name = ExtractViewBasic.swift; path = basic/ExtractViewBasic.swift; sourceTree = SOURCE_ROOT; };
		6297681F2C7AD1570043824B /* ExtractSubViewBasic.swift */ = {isa = PBXFileReference; lastKnownFileType = sourcecode.swift; name = ExtractSubViewBasic.swift; path = basic/ExtractSubViewBasic.swift; sourceTree = SOURCE_ROOT; };
		629768222C7AD1810043824B /* ItemBasic.swift */ = {isa = PBXFileReference; lastKnownFileType = sourcecode.swift; name = ItemBasic.swift; path = basic/Component/ItemBasic.swift; sourceTree = SOURCE_ROOT; };
		629768242C7B18600043824B /* BindingBasic.swift */ = {isa = PBXFileReference; lastKnownFileType = sourcecode.swift; name = BindingBasic.swift; path = basic/BindingBasic.swift; sourceTree = SOURCE_ROOT; };
		629768262C7B18740043824B /* BindingChild.swift */ = {isa = PBXFileReference; lastKnownFileType = sourcecode.swift; name = BindingChild.swift; path = basic/Component/BindingChild.swift; sourceTree = SOURCE_ROOT; };
		62E72F782CAE603F0010C4EA /* TextFieldBasic.swift */ = {isa = PBXFileReference; lastKnownFileType = sourcecode.swift; path = TextFieldBasic.swift; sourceTree = "<group>"; };
		62E72F7A2CAE63A20010C4EA /* ToggleBasic.swift */ = {isa = PBXFileReference; lastKnownFileType = sourcecode.swift; name = ToggleBasic.swift; path = basic/ToggleBasic.swift; sourceTree = SOURCE_ROOT; };
		62E72F7C2CAE64710010C4EA /* PickerBasic.swift */ = {isa = PBXFileReference; lastKnownFileType = sourcecode.swift; name = PickerBasic.swift; path = basic/PickerBasic.swift; sourceTree = SOURCE_ROOT; };
		62E72F7E2CAE87D10010C4EA /* ColorPickerBasic.swift */ = {isa = PBXFileReference; lastKnownFileType = sourcecode.swift; path = ColorPickerBasic.swift; sourceTree = "<group>"; };
		62E72F802CAE88F00010C4EA /* DatePickerBasic.swift */ = {isa = PBXFileReference; lastKnownFileType = sourcecode.swift; name = DatePickerBasic.swift; path = basic/DatePickerBasic.swift; sourceTree = SOURCE_ROOT; };
		62E72F822CAEC2A70010C4EA /* StepperBasic.swift */ = {isa = PBXFileReference; lastKnownFileType = sourcecode.swift; path = StepperBasic.swift; sourceTree = "<group>"; };
		62E72F842CAED3480010C4EA /* SliderBasic.swift */ = {isa = PBXFileReference; lastKnownFileType = sourcecode.swift; name = SliderBasic.swift; path = basic/SliderBasic.swift; sourceTree = SOURCE_ROOT; };
		62E72F862CAED5520010C4EA /* TabViewBasic.swift */ = {isa = PBXFileReference; lastKnownFileType = sourcecode.swift; name = TabViewBasic.swift; path = basic/TabViewBasic.swift; sourceTree = SOURCE_ROOT; };
		62F546492CB0CAE8000DA7DE /* DarkModeBasic.swift */ = {isa = PBXFileReference; lastKnownFileType = sourcecode.swift; path = DarkModeBasic.swift; sourceTree = "<group>"; };
		62F5464B2CB0CCE2000DA7DE /* OnAppearBasic.swift */ = {isa = PBXFileReference; lastKnownFileType = sourcecode.swift; name = OnAppearBasic.swift; path = basic/OnAppearBasic.swift; sourceTree = SOURCE_ROOT; };
		62F5464D2CB0CEC0000DA7DE /* OnTabGestureBasic.swift */ = {isa = PBXFileReference; lastKnownFileType = sourcecode.swift; name = OnTabGestureBasic.swift; path = basic/OnTabGestureBasic.swift; sourceTree = SOURCE_ROOT; };
		62F5464F2CB0D0CA000DA7DE /* README.md */ = {isa = PBXFileReference; lastKnownFileType = net.daringfireball.markdown; name = README.md; path = basic/README.md; sourceTree = SOURCE_ROOT; };
/* End PBXFileReference section */

/* Begin PBXFrameworksBuildPhase section */
		6262B42C2C5E0A1100D4FDED /* Frameworks */ = {
			isa = PBXFrameworksBuildPhase;
			buildActionMask = 2147483647;
			files = (
			);
			runOnlyForDeploymentPostprocessing = 0;
		};
/* End PBXFrameworksBuildPhase section */

/* Begin PBXGroup section */
		6262B4262C5E0A1100D4FDED = {
			isa = PBXGroup;
			children = (
				6262B4312C5E0A1100D4FDED /* Basic */,
				6262B4302C5E0A1100D4FDED /* Products */,
			);
			sourceTree = "<group>";
		};
		6262B4302C5E0A1100D4FDED /* Products */ = {
			isa = PBXGroup;
			children = (
				6262B42F2C5E0A1100D4FDED /* Basic.app */,
			);
			name = Products;
			sourceTree = "<group>";
		};
		6262B4312C5E0A1100D4FDED /* Basic */ = {
			isa = PBXGroup;
			children = (
				6262B4322C5E0A1100D4FDED /* BasicApp.swift */,
				6262B4412C5E0A4E00D4FDED /* TextBasic.swift */,
				6262E3852C5F3A9700855C54 /* ShapeBasic.swift */,
				6262E3892C5F555A00855C54 /* GradientBasic.swift */,
				6262E38B2C5F57C700855C54 /* IconBasic.swift */,
				6278387F2C6DFFCB00D09F01 /* InitEnumBasic.swift */,
				6262E3872C5F3EF800855C54 /* ColorBasic.swift */,
				629768132C79CD8F0043824B /* ForEachLoopBasic.swift */,
				6262E3912C5F906D00855C54 /* BackgroundBasic.swift */,
				629768192C79F35A0043824B /* ButtonBasic.swift */,
				629768172C79F21A0043824B /* IgnoreSafeAreaBasic.swift */,
				629768152C79CEE00043824B /* LazyGridBasic.swift */,
				6297681B2C7ACE620043824B /* StateBasic.swift */,
				6297681D2C7AD0290043824B /* ExtractViewBasic.swift */,
				6212D71B2C7DE42500B5FF34 /* ConditionalBasic.swift */,
				6212D71D2C7DE68F00B5FF34 /* TernaryBasic.swift */,
				620A1D9A2C7F30A70056CCE2 /* AnimationBasic.swift */,
				627B7E5C2C844F460050C9A5 /* TransitionBasic.swift */,
				6294B9342C8D7CD200E6CE50 /* NavigationBasic.swift */,
				6282665D2C9EBDEE0004A051 /* ActionSheetBasic.swift */,
				62E72F782CAE603F0010C4EA /* TextFieldBasic.swift */,
				62E72F7A2CAE63A20010C4EA /* ToggleBasic.swift */,
				62E72F7C2CAE64710010C4EA /* PickerBasic.swift */,
				62E72F7E2CAE87D10010C4EA /* ColorPickerBasic.swift */,
				62E72F802CAE88F00010C4EA /* DatePickerBasic.swift */,
				62E72F822CAEC2A70010C4EA /* StepperBasic.swift */,
				62E72F842CAED3480010C4EA /* SliderBasic.swift */,
				62E72F862CAED5520010C4EA /* TabViewBasic.swift */,
				62F546492CB0CAE8000DA7DE /* DarkModeBasic.swift */,
				62F5464B2CB0CCE2000DA7DE /* OnAppearBasic.swift */,
				62F5464D2CB0CEC0000DA7DE /* OnTabGestureBasic.swift */,
				62F5464F2CB0D0CA000DA7DE /* README.md */,
				6294B93C2C8D851600E6CE50 /* AlertBasic.swift */,
				6294B93A2C8D7FFA00E6CE50 /* ListBasic.swift */,
				6294B93E2C8D933700E6CE50 /* ContextMenuBasic.swift */,
				6294B9382C8D7D3600E6CE50 /* NavigationViewBasic.swift */,
				627B7E5E2C8451FF0050C9A5 /* SheetBasic.swift */,
				627B7E602C84523B0050C9A5 /* SheetBasic2.swift */,
				627838772C6DB29000D09F01 /* StackBasic.swift */,
				629768242C7B18600043824B /* BindingBasic.swift */,
				6297681F2C7AD1570043824B /* ExtractSubViewBasic.swift */,
				629768212C7AD1690043824B /* Component */,
				627838792C6DB6F700D09F01 /* PaddingBasic.swift */,
				6278387B2C6DCB9C00D09F01 /* SpacerBasic.swift */,
				6278387D2C6DCE1C00D09F01 /* ScrollViewBasic.swift */,
				6262E38D2C5F693400855C54 /* ImageBasic.swift */,
				6262E38F2C5F6ACF00855C54 /* FrameBasic.swift */,
				6262B4342C5E0A1100D4FDED /* ContentView.swift */,
				6262B4362C5E0A1200D4FDED /* Assets.xcassets */,
				6262B43B2C5E0A1200D4FDED /* Basic.entitlements */,
				6262B4382C5E0A1200D4FDED /* Preview Content */,
			);
			path = Basic;
			sourceTree = "<group>";
		};
		6262B4382C5E0A1200D4FDED /* Preview Content */ = {
			isa = PBXGroup;
			children = (
				6262B4392C5E0A1200D4FDED /* Preview Assets.xcassets */,
			);
			path = "Preview Content";
			sourceTree = "<group>";
		};
		629768212C7AD1690043824B /* Component */ = {
			isa = PBXGroup;
			children = (
				629768222C7AD1810043824B /* ItemBasic.swift */,
				629768262C7B18740043824B /* BindingChild.swift */,
			);
			path = Component;
			sourceTree = "<group>";
		};
/* End PBXGroup section */

/* Begin PBXNativeTarget section */
		6262B42E2C5E0A1100D4FDED /* Basic */ = {
			isa = PBXNativeTarget;
			buildConfigurationList = 6262B43E2C5E0A1200D4FDED /* Build configuration list for PBXNativeTarget "Basic" */;
			buildPhases = (
				6262B42B2C5E0A1100D4FDED /* Sources */,
				6262B42C2C5E0A1100D4FDED /* Frameworks */,
				6262B42D2C5E0A1100D4FDED /* Resources */,
			);
			buildRules = (
			);
			dependencies = (
			);
			name = Basic;
			productName = Basic;
			productReference = 6262B42F2C5E0A1100D4FDED /* Basic.app */;
			productType = "com.apple.product-type.application";
		};
/* End PBXNativeTarget section */

/* Begin PBXProject section */
		6262B4272C5E0A1100D4FDED /* Project object */ = {
			isa = PBXProject;
			attributes = {
				BuildIndependentTargetsInParallel = 1;
				LastSwiftUpdateCheck = 1540;
				LastUpgradeCheck = 1540;
				TargetAttributes = {
					6262B42E2C5E0A1100D4FDED = {
						CreatedOnToolsVersion = 15.4;
					};
				};
			};
			buildConfigurationList = 6262B42A2C5E0A1100D4FDED /* Build configuration list for PBXProject "Basic" */;
			compatibilityVersion = "Xcode 14.0";
			developmentRegion = en;
			hasScannedForEncodings = 0;
			knownRegions = (
				en,
				Base,
			);
			mainGroup = 6262B4262C5E0A1100D4FDED;
			productRefGroup = 6262B4302C5E0A1100D4FDED /* Products */;
			projectDirPath = "";
			projectRoot = "";
			targets = (
				6262B42E2C5E0A1100D4FDED /* Basic */,
			);
		};
/* End PBXProject section */

/* Begin PBXResourcesBuildPhase section */
		6262B42D2C5E0A1100D4FDED /* Resources */ = {
			isa = PBXResourcesBuildPhase;
			buildActionMask = 2147483647;
			files = (
				62F546502CB0D0CA000DA7DE /* README.md in Resources */,
				6262B43A2C5E0A1200D4FDED /* Preview Assets.xcassets in Resources */,
				6262B4372C5E0A1200D4FDED /* Assets.xcassets in Resources */,
			);
			runOnlyForDeploymentPostprocessing = 0;
		};
/* End PBXResourcesBuildPhase section */

/* Begin PBXSourcesBuildPhase section */
		6262B42B2C5E0A1100D4FDED /* Sources */ = {
			isa = PBXSourcesBuildPhase;
			buildActionMask = 2147483647;
			files = (
				62E72F7B2CAE63A20010C4EA /* ToggleBasic.swift in Sources */,
				627838802C6DFFCB00D09F01 /* InitEnumBasic.swift in Sources */,
				6262E38E2C5F693400855C54 /* ImageBasic.swift in Sources */,
				6294B9352C8D7CD200E6CE50 /* NavigationBasic.swift in Sources */,
				629768252C7B18600043824B /* BindingBasic.swift in Sources */,
				629768202C7AD1570043824B /* ExtractSubViewBasic.swift in Sources */,
				629768232C7AD1810043824B /* ItemBasic.swift in Sources */,
				6262E38A2C5F555A00855C54 /* GradientBasic.swift in Sources */,
				627B7E5F2C8451FF0050C9A5 /* SheetBasic.swift in Sources */,
				627B7E5D2C844F460050C9A5 /* TransitionBasic.swift in Sources */,
				629768162C79CEE00043824B /* LazyGridBasic.swift in Sources */,
				6294B9392C8D7D3600E6CE50 /* NavigationViewBasic.swift in Sources */,
				62F5464C2CB0CCE2000DA7DE /* OnAppearBasic.swift in Sources */,
				62E72F832CAEC2A70010C4EA /* StepperBasic.swift in Sources */,
				62E72F852CAED3480010C4EA /* SliderBasic.swift in Sources */,
				629768272C7B18740043824B /* BindingChild.swift in Sources */,
				6282665E2C9EBDEE0004A051 /* ActionSheetBasic.swift in Sources */,
				62E72F812CAE88F00010C4EA /* DatePickerBasic.swift in Sources */,
				6294B93B2C8D7FFA00E6CE50 /* ListBasic.swift in Sources */,
				6262E38C2C5F57C700855C54 /* IconBasic.swift in Sources */,
				6262B4422C5E0A4E00D4FDED /* TextBasic.swift in Sources */,
				62E72F872CAED5520010C4EA /* TabViewBasic.swift in Sources */,
				62F5464A2CB0CAE8000DA7DE /* DarkModeBasic.swift in Sources */,
				62E72F792CAE603F0010C4EA /* TextFieldBasic.swift in Sources */,
				6297681A2C79F35A0043824B /* ButtonBasic.swift in Sources */,
				629768142C79CD8F0043824B /* ForEachLoopBasic.swift in Sources */,
				6294B93D2C8D851600E6CE50 /* AlertBasic.swift in Sources */,
				6262E3922C5F906D00855C54 /* BackgroundBasic.swift in Sources */,
				6262B4352C5E0A1100D4FDED /* ContentView.swift in Sources */,
				627B7E612C84523B0050C9A5 /* SheetBasic2.swift in Sources */,
				6294B93F2C8D933700E6CE50 /* ContextMenuBasic.swift in Sources */,
				6262E3862C5F3A9700855C54 /* ShapeBasic.swift in Sources */,
				6212D71E2C7DE68F00B5FF34 /* TernaryBasic.swift in Sources */,
				629768182C79F21A0043824B /* IgnoreSafeAreaBasic.swift in Sources */,
				620A1D9B2C7F30A70056CCE2 /* AnimationBasic.swift in Sources */,
				6262E3882C5F3EF800855C54 /* ColorBasic.swift in Sources */,
				6262B4332C5E0A1100D4FDED /* BasicApp.swift in Sources */,
				6297681E2C7AD0290043824B /* ExtractViewBasic.swift in Sources */,
				6278387C2C6DCB9C00D09F01 /* SpacerBasic.swift in Sources */,
				62F5464E2CB0CEC0000DA7DE /* OnTabGestureBasic.swift in Sources */,
				6278387E2C6DCE1C00D09F01 /* ScrollViewBasic.swift in Sources */,
				6262E3902C5F6ACF00855C54 /* FrameBasic.swift in Sources */,
				6278387A2C6DB6F700D09F01 /* PaddingBasic.swift in Sources */,
				62E72F7D2CAE64710010C4EA /* PickerBasic.swift in Sources */,
				6212D71C2C7DE42500B5FF34 /* ConditionalBasic.swift in Sources */,
				6297681C2C7ACE620043824B /* StateBasic.swift in Sources */,
				62E72F7F2CAE87D10010C4EA /* ColorPickerBasic.swift in Sources */,
				627838782C6DB29000D09F01 /* StackBasic.swift in Sources */,
			);
			runOnlyForDeploymentPostprocessing = 0;
		};
/* End PBXSourcesBuildPhase section */

/* Begin XCBuildConfiguration section */
		6262B43C2C5E0A1200D4FDED /* Debug */ = {
			isa = XCBuildConfiguration;
			buildSettings = {
				ALWAYS_SEARCH_USER_PATHS = NO;
				ASSETCATALOG_COMPILER_GENERATE_SWIFT_ASSET_SYMBOL_EXTENSIONS = YES;
				CLANG_ANALYZER_NONNULL = YES;
				CLANG_ANALYZER_NUMBER_OBJECT_CONVERSION = YES_AGGRESSIVE;
				CLANG_CXX_LANGUAGE_STANDARD = "gnu++20";
				CLANG_ENABLE_MODULES = YES;
				CLANG_ENABLE_OBJC_ARC = YES;
				CLANG_ENABLE_OBJC_WEAK = YES;
				CLANG_WARN_BLOCK_CAPTURE_AUTORELEASING = YES;
				CLANG_WARN_BOOL_CONVERSION = YES;
				CLANG_WARN_COMMA = YES;
				CLANG_WARN_CONSTANT_CONVERSION = YES;
				CLANG_WARN_DEPRECATED_OBJC_IMPLEMENTATIONS = YES;
				CLANG_WARN_DIRECT_OBJC_ISA_USAGE = YES_ERROR;
				CLANG_WARN_DOCUMENTATION_COMMENTS = YES;
				CLANG_WARN_EMPTY_BODY = YES;
				CLANG_WARN_ENUM_CONVERSION = YES;
				CLANG_WARN_INFINITE_RECURSION = YES;
				CLANG_WARN_INT_CONVERSION = YES;
				CLANG_WARN_NON_LITERAL_NULL_CONVERSION = YES;
				CLANG_WARN_OBJC_IMPLICIT_RETAIN_SELF = YES;
				CLANG_WARN_OBJC_LITERAL_CONVERSION = YES;
				CLANG_WARN_OBJC_ROOT_CLASS = YES_ERROR;
				CLANG_WARN_QUOTED_INCLUDE_IN_FRAMEWORK_HEADER = YES;
				CLANG_WARN_RANGE_LOOP_ANALYSIS = YES;
				CLANG_WARN_STRICT_PROTOTYPES = YES;
				CLANG_WARN_SUSPICIOUS_MOVE = YES;
				CLANG_WARN_UNGUARDED_AVAILABILITY = YES_AGGRESSIVE;
				CLANG_WARN_UNREACHABLE_CODE = YES;
				CLANG_WARN__DUPLICATE_METHOD_MATCH = YES;
				COPY_PHASE_STRIP = NO;
				DEBUG_INFORMATION_FORMAT = dwarf;
				ENABLE_STRICT_OBJC_MSGSEND = YES;
				ENABLE_TESTABILITY = YES;
				ENABLE_USER_SCRIPT_SANDBOXING = YES;
				GCC_C_LANGUAGE_STANDARD = gnu17;
				GCC_DYNAMIC_NO_PIC = NO;
				GCC_NO_COMMON_BLOCKS = YES;
				GCC_OPTIMIZATION_LEVEL = 0;
				GCC_PREPROCESSOR_DEFINITIONS = (
					"DEBUG=1",
					"$(inherited)",
				);
				GCC_WARN_64_TO_32_BIT_CONVERSION = YES;
				GCC_WARN_ABOUT_RETURN_TYPE = YES_ERROR;
				GCC_WARN_UNDECLARED_SELECTOR = YES;
				GCC_WARN_UNINITIALIZED_AUTOS = YES_AGGRESSIVE;
				GCC_WARN_UNUSED_FUNCTION = YES;
				GCC_WARN_UNUSED_VARIABLE = YES;
				LOCALIZATION_PREFERS_STRING_CATALOGS = YES;
				MACOSX_DEPLOYMENT_TARGET = 14.5;
				MTL_ENABLE_DEBUG_INFO = INCLUDE_SOURCE;
				MTL_FAST_MATH = YES;
				ONLY_ACTIVE_ARCH = YES;
				SDKROOT = macosx;
				SWIFT_ACTIVE_COMPILATION_CONDITIONS = "DEBUG $(inherited)";
				SWIFT_OPTIMIZATION_LEVEL = "-Onone";
			};
			name = Debug;
		};
		6262B43D2C5E0A1200D4FDED /* Release */ = {
			isa = XCBuildConfiguration;
			buildSettings = {
				ALWAYS_SEARCH_USER_PATHS = NO;
				ASSETCATALOG_COMPILER_GENERATE_SWIFT_ASSET_SYMBOL_EXTENSIONS = YES;
				CLANG_ANALYZER_NONNULL = YES;
				CLANG_ANALYZER_NUMBER_OBJECT_CONVERSION = YES_AGGRESSIVE;
				CLANG_CXX_LANGUAGE_STANDARD = "gnu++20";
				CLANG_ENABLE_MODULES = YES;
				CLANG_ENABLE_OBJC_ARC = YES;
				CLANG_ENABLE_OBJC_WEAK = YES;
				CLANG_WARN_BLOCK_CAPTURE_AUTORELEASING = YES;
				CLANG_WARN_BOOL_CONVERSION = YES;
				CLANG_WARN_COMMA = YES;
				CLANG_WARN_CONSTANT_CONVERSION = YES;
				CLANG_WARN_DEPRECATED_OBJC_IMPLEMENTATIONS = YES;
				CLANG_WARN_DIRECT_OBJC_ISA_USAGE = YES_ERROR;
				CLANG_WARN_DOCUMENTATION_COMMENTS = YES;
				CLANG_WARN_EMPTY_BODY = YES;
				CLANG_WARN_ENUM_CONVERSION = YES;
				CLANG_WARN_INFINITE_RECURSION = YES;
				CLANG_WARN_INT_CONVERSION = YES;
				CLANG_WARN_NON_LITERAL_NULL_CONVERSION = YES;
				CLANG_WARN_OBJC_IMPLICIT_RETAIN_SELF = YES;
				CLANG_WARN_OBJC_LITERAL_CONVERSION = YES;
				CLANG_WARN_OBJC_ROOT_CLASS = YES_ERROR;
				CLANG_WARN_QUOTED_INCLUDE_IN_FRAMEWORK_HEADER = YES;
				CLANG_WARN_RANGE_LOOP_ANALYSIS = YES;
				CLANG_WARN_STRICT_PROTOTYPES = YES;
				CLANG_WARN_SUSPICIOUS_MOVE = YES;
				CLANG_WARN_UNGUARDED_AVAILABILITY = YES_AGGRESSIVE;
				CLANG_WARN_UNREACHABLE_CODE = YES;
				CLANG_WARN__DUPLICATE_METHOD_MATCH = YES;
				COPY_PHASE_STRIP = NO;
				DEBUG_INFORMATION_FORMAT = "dwarf-with-dsym";
				ENABLE_NS_ASSERTIONS = NO;
				ENABLE_STRICT_OBJC_MSGSEND = YES;
				ENABLE_USER_SCRIPT_SANDBOXING = YES;
				GCC_C_LANGUAGE_STANDARD = gnu17;
				GCC_NO_COMMON_BLOCKS = YES;
				GCC_WARN_64_TO_32_BIT_CONVERSION = YES;
				GCC_WARN_ABOUT_RETURN_TYPE = YES_ERROR;
				GCC_WARN_UNDECLARED_SELECTOR = YES;
				GCC_WARN_UNINITIALIZED_AUTOS = YES_AGGRESSIVE;
				GCC_WARN_UNUSED_FUNCTION = YES;
				GCC_WARN_UNUSED_VARIABLE = YES;
				LOCALIZATION_PREFERS_STRING_CATALOGS = YES;
				MACOSX_DEPLOYMENT_TARGET = 14.5;
				MTL_ENABLE_DEBUG_INFO = NO;
				MTL_FAST_MATH = YES;
				SDKROOT = macosx;
				SWIFT_COMPILATION_MODE = wholemodule;
			};
			name = Release;
		};
		6262B43F2C5E0A1200D4FDED /* Debug */ = {
			isa = XCBuildConfiguration;
			buildSettings = {
				ASSETCATALOG_COMPILER_APPICON_NAME = AppIcon;
				ASSETCATALOG_COMPILER_GLOBAL_ACCENT_COLOR_NAME = AccentColor;
				CODE_SIGN_ENTITLEMENTS = Basic/Basic.entitlements;
				CODE_SIGN_STYLE = Automatic;
				COMBINE_HIDPI_IMAGES = YES;
				CURRENT_PROJECT_VERSION = 1;
				DEVELOPMENT_ASSET_PATHS = "\"Basic/Preview Content\"";
				DEVELOPMENT_TEAM = K648MQNM3W;
				ENABLE_HARDENED_RUNTIME = YES;
				ENABLE_PREVIEWS = YES;
				GENERATE_INFOPLIST_FILE = YES;
				INFOPLIST_KEY_NSHumanReadableCopyright = "";
				LD_RUNPATH_SEARCH_PATHS = (
					"$(inherited)",
					"@executable_path/../Frameworks",
				);
				MARKETING_VERSION = 1.0;
				PRODUCT_BUNDLE_IDENTIFIER = unluckystrike.Basic;
				PRODUCT_NAME = "$(TARGET_NAME)";
				SWIFT_EMIT_LOC_STRINGS = YES;
				SWIFT_VERSION = 5.0;
			};
			name = Debug;
		};
		6262B4402C5E0A1200D4FDED /* Release */ = {
			isa = XCBuildConfiguration;
			buildSettings = {
				ASSETCATALOG_COMPILER_APPICON_NAME = AppIcon;
				ASSETCATALOG_COMPILER_GLOBAL_ACCENT_COLOR_NAME = AccentColor;
				CODE_SIGN_ENTITLEMENTS = Basic/Basic.entitlements;
				CODE_SIGN_STYLE = Automatic;
				COMBINE_HIDPI_IMAGES = YES;
				CURRENT_PROJECT_VERSION = 1;
				DEVELOPMENT_ASSET_PATHS = "\"Basic/Preview Content\"";
				DEVELOPMENT_TEAM = K648MQNM3W;
				ENABLE_HARDENED_RUNTIME = YES;
				ENABLE_PREVIEWS = YES;
				GENERATE_INFOPLIST_FILE = YES;
				INFOPLIST_KEY_NSHumanReadableCopyright = "";
				LD_RUNPATH_SEARCH_PATHS = (
					"$(inherited)",
					"@executable_path/../Frameworks",
				);
				MARKETING_VERSION = 1.0;
				PRODUCT_BUNDLE_IDENTIFIER = unluckystrike.Basic;
				PRODUCT_NAME = "$(TARGET_NAME)";
				SWIFT_EMIT_LOC_STRINGS = YES;
				SWIFT_VERSION = 5.0;
			};
			name = Release;
		};
/* End XCBuildConfiguration section */

/* Begin XCConfigurationList section */
		6262B42A2C5E0A1100D4FDED /* Build configuration list for PBXProject "Basic" */ = {
			isa = XCConfigurationList;
			buildConfigurations = (
				6262B43C2C5E0A1200D4FDED /* Debug */,
				6262B43D2C5E0A1200D4FDED /* Release */,
			);
			defaultConfigurationIsVisible = 0;
			defaultConfigurationName = Release;
		};
		6262B43E2C5E0A1200D4FDED /* Build configuration list for PBXNativeTarget "Basic" */ = {
			isa = XCConfigurationList;
			buildConfigurations = (
				6262B43F2C5E0A1200D4FDED /* Debug */,
				6262B4402C5E0A1200D4FDED /* Release */,
			);
			defaultConfigurationIsVisible = 0;
			defaultConfigurationName = Release;
		};
/* End XCConfigurationList section */
	};
	rootObject = 6262B4272C5E0A1100D4FDED /* Project object */;
}
